
Microsoft Visual Studio Solution File, Format Version 12.00
# Visual Studio 15
VisualStudioVersion = 15.0.27428.2043
MinimumVisualStudioVersion = 10.0.40219.1
Project("{8BC9CEB8-8B4A-11D0-8D11-00A0C91BC942}") = "Dll1", "Dll1\Dll1.vcxproj", "{4672D4DA-73F3-4315-8233-76C2B86649A7}"
EndProject
Project("{8BC9CEB8-8B4A-11D0-8D11-00A0C91BC942}") = "Project1", "Project1\Project1.vcxproj", "{58612D8E-3F22-4226-B9AD-AF7C359C49CD}"
EndProject
Global
	GlobalSection(SolutionConfigurationPlatforms) = preSolution
		Debug|x64 = Debug|x64
		Debug|x86 = Debug|x86
		Release|x64 = Release|x64
		Release|x86 = Release|x86
	EndGlobalSection
	GlobalSection(ProjectConfigurationPlatforms) = postSolution
		{4672D4DA-73F3-4315-8233-76C2B86649A7}.Debug|x64.ActiveCfg = Debug|x64
		{4672D4DA-73F3-4315-8233-76C2B86649A7}.Debug|x64.Build.0 = Debug|x64
		{4672D4DA-73F3-4315-8233-76C2B86649A7}.Debug|x86.ActiveCfg = Debug|Win32
		{4672D4DA-73F3-4315-8233-76C2B86649A7}.Debug|x86.Build.0 = Debug|Win32
		{4672D4DA-73F3-4315-8233-76C2B86649A7}.Release|x64.ActiveCfg = Release|x64
		{4672D4DA-73F3-4315-8233-76C2B86649A7}.Release|x64.Build.0 = Release|x64
		{4672D4DA-73F3-4315-8233-76C2B86649A7}.Release|x86.ActiveCfg = Release|Win32
		{4672D4DA-73F3-4315-8233-76C2B86649A7}.Release|x86.Build.0 = Release|Win32
		{58612D8E-3F22-4226-B9AD-AF7C359C49CD}.Debug|x64.ActiveCfg = Debug|x64
		{58612D8E-3F22-4226-B9AD-AF7C359C49CD}.Debug|x64.Build.0 = Debug|x64
		{58612D8E-3F22-4226-B9AD-AF7C359C49CD}.Debug|x86.ActiveCfg = Debug|Win32
		{58612D8E-3F22-4226-B9AD-AF7C359C49CD}.Debug|x86.Build.0 = Debug|Win32
		{58612D8E-3F22-4226-B9AD-AF7C359C49CD}.Release|x64.ActiveCfg = Release|x64
		{58612D8E-3F22-4226-B9AD-AF7C359C49CD}.Release|x64.Build.0 = Release|x64
		{58612D8E-3F22-4226-B9AD-AF7C359C49CD}.Release|x86.ActiveCfg = Release|Win32
		{58612D8E-3F22-4226-B9AD-AF7C359C49CD}.Release|x86.Build.0 = Release|Win32
	EndGlobalSection
	GlobalSection(SolutionProperties) = preSolution
		HideSolutionNode = FALSE
	EndGlobalSection
	GlobalSection(ExtensibilityGlobals) = postSolution
		SolutionGuid = {FFC0993D-9811-4AEE-AA57-5E3EAE82D4B3}
	EndGlobalSection
EndGlobal
